
Microsoft Visual Studio Solution File, Format Version 12.00
# Visual Studio Version 16
VisualStudioVersion = 16.0.30717.126
MinimumVisualStudioVersion = 10.0.40219.1
Project("{FAE04EC0-301F-11D3-BF4B-00C04F79EFBC}") = "Audiobook Library PA 6", "Audiobook Library PA 6\Audiobook Library PA 6.csproj", "{3800FD35-775A-47C3-9B75-BF45AA21C056}"
EndProject
Global
	GlobalSection(SolutionConfigurationPlatforms) = preSolution
		Debug|Any CPU = Debug|Any CPU
		Release|Any CPU = Release|Any CPU
	EndGlobalSection
	GlobalSection(ProjectConfigurationPlatforms) = postSolution
		{3800FD35-775A-47C3-9B75-BF45AA21C056}.Debug|Any CPU.ActiveCfg = Debug|Any CPU
		{3800FD35-775A-47C3-9B75-BF45AA21C056}.Debug|Any CPU.Build.0 = Debug|Any CPU
		{3800FD35-775A-47C3-9B75-BF45AA21C056}.Release|Any CPU.ActiveCfg = Release|Any CPU
		{3800FD35-775A-47C3-9B75-BF45AA21C056}.Release|Any CPU.Build.0 = Release|Any CPU
	EndGlobalSection
	GlobalSection(SolutionProperties) = preSolution
		HideSolutionNode = FALSE
	EndGlobalSection
	GlobalSection(ExtensibilityGlobals) = postSolution
		SolutionGuid = {CD2D859E-6D7F-4C0C-8D53-C4B2E81D5C05}
	EndGlobalSection
EndGlobal
